// !$*UTF8*$!
{
	archiveVersion = 1;
	classes = {
	};
	objectVersion = 46;
	objects = {

/* Begin PBXBuildFile section */
		9206821D1F03907E004E453D /* AppDelegate.swift in Sources */ = {isa = PBXBuildFile; fileRef = 9206821C1F03907E004E453D /* AppDelegate.swift */; };
		9206821F1F03907E004E453D /* RootViewController.swift in Sources */ = {isa = PBXBuildFile; fileRef = 9206821E1F03907E004E453D /* RootViewController.swift */; };
		920682211F03907E004E453D /* DataViewController.swift in Sources */ = {isa = PBXBuildFile; fileRef = 920682201F03907E004E453D /* DataViewController.swift */; };
		920682231F03907E004E453D /* ModelController.swift in Sources */ = {isa = PBXBuildFile; fileRef = 920682221F03907E004E453D /* ModelController.swift */; };
		920682261F03907E004E453D /* Main.storyboard in Resources */ = {isa = PBXBuildFile; fileRef = 920682241F03907E004E453D /* Main.storyboard */; };
		920682281F03907E004E453D /* Assets.xcassets in Resources */ = {isa = PBXBuildFile; fileRef = 920682271F03907E004E453D /* Assets.xcassets */; };
		9206822B1F03907E004E453D /* LaunchScreen.storyboard in Resources */ = {isa = PBXBuildFile; fileRef = 920682291F03907E004E453D /* LaunchScreen.storyboard */; };
		920682361F03907E004E453D /* BeyHiveTests.swift in Sources */ = {isa = PBXBuildFile; fileRef = 920682351F03907E004E453D /* BeyHiveTests.swift */; };
		920682411F03907E004E453D /* BeyHiveUITests.swift in Sources */ = {isa = PBXBuildFile; fileRef = 920682401F03907E004E453D /* BeyHiveUITests.swift */; };
/* End PBXBuildFile section */

/* Begin PBXContainerItemProxy section */
		920682321F03907E004E453D /* PBXContainerItemProxy */ = {
			isa = PBXContainerItemProxy;
			containerPortal = 920682111F03907E004E453D /* Project object */;
			proxyType = 1;
			remoteGlobalIDString = 920682181F03907E004E453D;
			remoteInfo = BeyHive;
		};
		9206823D1F03907E004E453D /* PBXContainerItemProxy */ = {
			isa = PBXContainerItemProxy;
			containerPortal = 920682111F03907E004E453D /* Project object */;
			proxyType = 1;
			remoteGlobalIDString = 920682181F03907E004E453D;
			remoteInfo = BeyHive;
		};
/* End PBXContainerItemProxy section */

/* Begin PBXFileReference section */
		920682191F03907E004E453D /* BeyHive.app */ = {isa = PBXFileReference; explicitFileType = wrapper.application; includeInIndex = 0; path = BeyHive.app; sourceTree = BUILT_PRODUCTS_DIR; };
		9206821C1F03907E004E453D /* AppDelegate.swift */ = {isa = PBXFileReference; lastKnownFileType = sourcecode.swift; path = AppDelegate.swift; sourceTree = "<group>"; };
		9206821E1F03907E004E453D /* RootViewController.swift */ = {isa = PBXFileReference; lastKnownFileType = sourcecode.swift; path = RootViewController.swift; sourceTree = "<group>"; };
		920682201F03907E004E453D /* DataViewController.swift */ = {isa = PBXFileReference; lastKnownFileType = sourcecode.swift; path = DataViewController.swift; sourceTree = "<group>"; };
		920682221F03907E004E453D /* ModelController.swift */ = {isa = PBXFileReference; lastKnownFileType = sourcecode.swift; path = ModelController.swift; sourceTree = "<group>"; };
		920682251F03907E004E453D /* Base */ = {isa = PBXFileReference; lastKnownFileType = file.storyboard; name = Base; path = Base.lproj/Main.storyboard; sourceTree = "<group>"; };
		920682271F03907E004E453D /* Assets.xcassets */ = {isa = PBXFileReference; lastKnownFileType = folder.assetcatalog; path = Assets.xcassets; sourceTree = "<group>"; };
		9206822A1F03907E004E453D /* Base */ = {isa = PBXFileReference; lastKnownFileType = file.storyboard; name = Base; path = Base.lproj/LaunchScreen.storyboard; sourceTree = "<group>"; };
		9206822C1F03907E004E453D /* Info.plist */ = {isa = PBXFileReference; lastKnownFileType = text.plist.xml; path = Info.plist; sourceTree = "<group>"; };
		920682311F03907E004E453D /* BeyHiveTests.xctest */ = {isa = PBXFileReference; explicitFileType = wrapper.cfbundle; includeInIndex = 0; path = BeyHiveTests.xctest; sourceTree = BUILT_PRODUCTS_DIR; };
		920682351F03907E004E453D /* BeyHiveTests.swift */ = {isa = PBXFileReference; lastKnownFileType = sourcecode.swift; path = BeyHiveTests.swift; sourceTree = "<group>"; };
		920682371F03907E004E453D /* Info.plist */ = {isa = PBXFileReference; lastKnownFileType = text.plist.xml; path = Info.plist; sourceTree = "<group>"; };
		9206823C1F03907E004E453D /* BeyHiveUITests.xctest */ = {isa = PBXFileReference; explicitFileType = wrapper.cfbundle; includeInIndex = 0; path = BeyHiveUITests.xctest; sourceTree = BUILT_PRODUCTS_DIR; };
		920682401F03907E004E453D /* BeyHiveUITests.swift */ = {isa = PBXFileReference; lastKnownFileType = sourcecode.swift; path = BeyHiveUITests.swift; sourceTree = "<group>"; };
		920682421F03907E004E453D /* Info.plist */ = {isa = PBXFileReference; lastKnownFileType = text.plist.xml; path = Info.plist; sourceTree = "<group>"; };
/* End PBXFileReference section */

/* Begin PBXFrameworksBuildPhase section */
		920682161F03907E004E453D /* Frameworks */ = {
			isa = PBXFrameworksBuildPhase;
			buildActionMask = 2147483647;
			files = (
			);
			runOnlyForDeploymentPostprocessing = 0;
		};
		9206822E1F03907E004E453D /* Frameworks */ = {
			isa = PBXFrameworksBuildPhase;
			buildActionMask = 2147483647;
			files = (
			);
			runOnlyForDeploymentPostprocessing = 0;
		};
		920682391F03907E004E453D /* Frameworks */ = {
			isa = PBXFrameworksBuildPhase;
			buildActionMask = 2147483647;
			files = (
			);
			runOnlyForDeploymentPostprocessing = 0;
		};
/* End PBXFrameworksBuildPhase section */

/* Begin PBXGroup section */
		920682101F03907E004E453D = {
			isa = PBXGroup;
			children = (
				9206821B1F03907E004E453D /* BeyHive */,
				920682341F03907E004E453D /* BeyHiveTests */,
				9206823F1F03907E004E453D /* BeyHiveUITests */,
				9206821A1F03907E004E453D /* Products */,
			);
			sourceTree = "<group>";
		};
		9206821A1F03907E004E453D /* Products */ = {
			isa = PBXGroup;
			children = (
				920682191F03907E004E453D /* BeyHive.app */,
				920682311F03907E004E453D /* BeyHiveTests.xctest */,
				9206823C1F03907E004E453D /* BeyHiveUITests.xctest */,
			);
			name = Products;
			sourceTree = "<group>";
		};
		9206821B1F03907E004E453D /* BeyHive */ = {
			isa = PBXGroup;
			children = (
				9206821C1F03907E004E453D /* AppDelegate.swift */,
				9206821E1F03907E004E453D /* RootViewController.swift */,
				920682201F03907E004E453D /* DataViewController.swift */,
				920682221F03907E004E453D /* ModelController.swift */,
				920682241F03907E004E453D /* Main.storyboard */,
				920682271F03907E004E453D /* Assets.xcassets */,
				920682291F03907E004E453D /* LaunchScreen.storyboard */,
				9206822C1F03907E004E453D /* Info.plist */,
			);
			path = BeyHive;
			sourceTree = "<group>";
		};
		920682341F03907E004E453D /* BeyHiveTests */ = {
			isa = PBXGroup;
			children = (
				920682351F03907E004E453D /* BeyHiveTests.swift */,
				920682371F03907E004E453D /* Info.plist */,
			);
			path = BeyHiveTests;
			sourceTree = "<group>";
		};
		9206823F1F03907E004E453D /* BeyHiveUITests */ = {
			isa = PBXGroup;
			children = (
				920682401F03907E004E453D /* BeyHiveUITests.swift */,
				920682421F03907E004E453D /* Info.plist */,
			);
			path = BeyHiveUITests;
			sourceTree = "<group>";
		};
/* End PBXGroup section */

/* Begin PBXNativeTarget section */
		920682181F03907E004E453D /* BeyHive */ = {
			isa = PBXNativeTarget;
			buildConfigurationList = 920682451F03907E004E453D /* Build configuration list for PBXNativeTarget "BeyHive" */;
			buildPhases = (
				920682151F03907E004E453D /* Sources */,
				920682161F03907E004E453D /* Frameworks */,
				920682171F03907E004E453D /* Resources */,
			);
			buildRules = (
			);
			dependencies = (
			);
			name = BeyHive;
			productName = BeyHive;
			productReference = 920682191F03907E004E453D /* BeyHive.app */;
			productType = "com.apple.product-type.application";
		};
		920682301F03907E004E453D /* BeyHiveTests */ = {
			isa = PBXNativeTarget;
			buildConfigurationList = 920682481F03907E004E453D /* Build configuration list for PBXNativeTarget "BeyHiveTests" */;
			buildPhases = (
				9206822D1F03907E004E453D /* Sources */,
				9206822E1F03907E004E453D /* Frameworks */,
				9206822F1F03907E004E453D /* Resources */,
			);
			buildRules = (
			);
			dependencies = (
				920682331F03907E004E453D /* PBXTargetDependency */,
			);
			name = BeyHiveTests;
			productName = BeyHiveTests;
			productReference = 920682311F03907E004E453D /* BeyHiveTests.xctest */;
			productType = "com.apple.product-type.bundle.unit-test";
		};
		9206823B1F03907E004E453D /* BeyHiveUITests */ = {
			isa = PBXNativeTarget;
			buildConfigurationList = 9206824B1F03907E004E453D /* Build configuration list for PBXNativeTarget "BeyHiveUITests" */;
			buildPhases = (
				920682381F03907E004E453D /* Sources */,
				920682391F03907E004E453D /* Frameworks */,
				9206823A1F03907E004E453D /* Resources */,
			);
			buildRules = (
			);
			dependencies = (
				9206823E1F03907E004E453D /* PBXTargetDependency */,
			);
			name = BeyHiveUITests;
			productName = BeyHiveUITests;
			productReference = 9206823C1F03907E004E453D /* BeyHiveUITests.xctest */;
			productType = "com.apple.product-type.bundle.ui-testing";
		};
/* End PBXNativeTarget section */

/* Begin PBXProject section */
		920682111F03907E004E453D /* Project object */ = {
			isa = PBXProject;
			attributes = {
				LastSwiftUpdateCheck = 0830;
				LastUpgradeCheck = 0830;
				ORGANIZATIONNAME = "UW Blueprint";
				TargetAttributes = {
					920682181F03907E004E453D = {
						CreatedOnToolsVersion = 8.3.3;
						ProvisioningStyle = Automatic;
					};
					920682301F03907E004E453D = {
						CreatedOnToolsVersion = 8.3.3;
						ProvisioningStyle = Automatic;
						TestTargetID = 920682181F03907E004E453D;
					};
					9206823B1F03907E004E453D = {
						CreatedOnToolsVersion = 8.3.3;
						ProvisioningStyle = Automatic;
						TestTargetID = 920682181F03907E004E453D;
					};
				};
			};
			buildConfigurationList = 920682141F03907E004E453D /* Build configuration list for PBXProject "BeyHive" */;
			compatibilityVersion = "Xcode 3.2";
			developmentRegion = English;
			hasScannedForEncodings = 0;
			knownRegions = (
				en,
				Base,
			);
			mainGroup = 920682101F03907E004E453D;
			productRefGroup = 9206821A1F03907E004E453D /* Products */;
			projectDirPath = "";
			projectRoot = "";
			targets = (
				920682181F03907E004E453D /* BeyHive */,
				920682301F03907E004E453D /* BeyHiveTests */,
				9206823B1F03907E004E453D /* BeyHiveUITests */,
			);
		};
/* End PBXProject section */

/* Begin PBXResourcesBuildPhase section */
		920682171F03907E004E453D /* Resources */ = {
			isa = PBXResourcesBuildPhase;
			buildActionMask = 2147483647;
			files = (
				9206822B1F03907E004E453D /* LaunchScreen.storyboard in Resources */,
				920682281F03907E004E453D /* Assets.xcassets in Resources */,
				920682261F03907E004E453D /* Main.storyboard in Resources */,
			);
			runOnlyForDeploymentPostprocessing = 0;
		};
		9206822F1F03907E004E453D /* Resources */ = {
			isa = PBXResourcesBuildPhase;
			buildActionMask = 2147483647;
			files = (
			);
			runOnlyForDeploymentPostprocessing = 0;
		};
		9206823A1F03907E004E453D /* Resources */ = {
			isa = PBXResourcesBuildPhase;
			buildActionMask = 2147483647;
			files = (
			);
			runOnlyForDeploymentPostprocessing = 0;
		};
/* End PBXResourcesBuildPhase section */

/* Begin PBXSourcesBuildPhase section */
		920682151F03907E004E453D /* Sources */ = {
			isa = PBXSourcesBuildPhase;
			buildActionMask = 2147483647;
			files = (
				9206821F1F03907E004E453D /* RootViewController.swift in Sources */,
				920682231F03907E004E453D /* ModelController.swift in Sources */,
				920682211F03907E004E453D /* DataViewController.swift in Sources */,
				9206821D1F03907E004E453D /* AppDelegate.swift in Sources */,
			);
			runOnlyForDeploymentPostprocessing = 0;
		};
		9206822D1F03907E004E453D /* Sources */ = {
			isa = PBXSourcesBuildPhase;
			buildActionMask = 2147483647;
			files = (
				920682361F03907E004E453D /* BeyHiveTests.swift in Sources */,
			);
			runOnlyForDeploymentPostprocessing = 0;
		};
		920682381F03907E004E453D /* Sources */ = {
			isa = PBXSourcesBuildPhase;
			buildActionMask = 2147483647;
			files = (
				920682411F03907E004E453D /* BeyHiveUITests.swift in Sources */,
			);
			runOnlyForDeploymentPostprocessing = 0;
		};
/* End PBXSourcesBuildPhase section */

/* Begin PBXTargetDependency section */
		920682331F03907E004E453D /* PBXTargetDependency */ = {
			isa = PBXTargetDependency;
			target = 920682181F03907E004E453D /* BeyHive */;
			targetProxy = 920682321F03907E004E453D /* PBXContainerItemProxy */;
		};
		9206823E1F03907E004E453D /* PBXTargetDependency */ = {
			isa = PBXTargetDependency;
			target = 920682181F03907E004E453D /* BeyHive */;
			targetProxy = 9206823D1F03907E004E453D /* PBXContainerItemProxy */;
		};
/* End PBXTargetDependency section */

/* Begin PBXVariantGroup section */
		920682241F03907E004E453D /* Main.storyboard */ = {
			isa = PBXVariantGroup;
			children = (
				920682251F03907E004E453D /* Base */,
			);
			name = Main.storyboard;
			sourceTree = "<group>";
		};
		920682291F03907E004E453D /* LaunchScreen.storyboard */ = {
			isa = PBXVariantGroup;
			children = (
				9206822A1F03907E004E453D /* Base */,
			);
			name = LaunchScreen.storyboard;
			sourceTree = "<group>";
		};
/* End PBXVariantGroup section */

/* Begin XCBuildConfiguration section */
		920682431F03907E004E453D /* Debug */ = {
			isa = XCBuildConfiguration;
			buildSettings = {
				ALWAYS_SEARCH_USER_PATHS = NO;
				CLANG_ANALYZER_NONNULL = YES;
				CLANG_ANALYZER_NUMBER_OBJECT_CONVERSION = YES_AGGRESSIVE;
				CLANG_CXX_LANGUAGE_STANDARD = "gnu++0x";
				CLANG_CXX_LIBRARY = "libc++";
				CLANG_ENABLE_MODULES = YES;
				CLANG_ENABLE_OBJC_ARC = YES;
				CLANG_WARN_BOOL_CONVERSION = YES;
				CLANG_WARN_CONSTANT_CONVERSION = YES;
				CLANG_WARN_DIRECT_OBJC_ISA_USAGE = YES_ERROR;
				CLANG_WARN_DOCUMENTATION_COMMENTS = YES;
				CLANG_WARN_EMPTY_BODY = YES;
				CLANG_WARN_ENUM_CONVERSION = YES;
				CLANG_WARN_INFINITE_RECURSION = YES;
				CLANG_WARN_INT_CONVERSION = YES;
				CLANG_WARN_OBJC_ROOT_CLASS = YES_ERROR;
				CLANG_WARN_SUSPICIOUS_MOVE = YES;
				CLANG_WARN_UNREACHABLE_CODE = YES;
				CLANG_WARN__DUPLICATE_METHOD_MATCH = YES;
				"CODE_SIGN_IDENTITY[sdk=iphoneos*]" = "iPhone Developer";
				COPY_PHASE_STRIP = NO;
				DEBUG_INFORMATION_FORMAT = dwarf;
				ENABLE_STRICT_OBJC_MSGSEND = YES;
				ENABLE_TESTABILITY = YES;
				GCC_C_LANGUAGE_STANDARD = gnu99;
				GCC_DYNAMIC_NO_PIC = NO;
				GCC_NO_COMMON_BLOCKS = YES;
				GCC_OPTIMIZATION_LEVEL = 0;
				GCC_PREPROCESSOR_DEFINITIONS = (
					"DEBUG=1",
					"$(inherited)",
				);
				GCC_WARN_64_TO_32_BIT_CONVERSION = YES;
				GCC_WARN_ABOUT_RETURN_TYPE = YES_ERROR;
				GCC_WARN_UNDECLARED_SELECTOR = YES;
				GCC_WARN_UNINITIALIZED_AUTOS = YES_AGGRESSIVE;
				GCC_WARN_UNUSED_FUNCTION = YES;
				GCC_WARN_UNUSED_VARIABLE = YES;
				IPHONEOS_DEPLOYMENT_TARGET = 10.3;
				MTL_ENABLE_DEBUG_INFO = YES;
				ONLY_ACTIVE_ARCH = YES;
				SDKROOT = iphoneos;
				SWIFT_ACTIVE_COMPILATION_CONDITIONS = DEBUG;
				SWIFT_OPTIMIZATION_LEVEL = "-Onone";
				TARGETED_DEVICE_FAMILY = "1,2";
			};
			name = Debug;
		};
		920682441F03907E004E453D /* Release */ = {
			isa = XCBuildConfiguration;
			buildSettings = {
				ALWAYS_SEARCH_USER_PATHS = NO;
				CLANG_ANALYZER_NONNULL = YES;
				CLANG_ANALYZER_NUMBER_OBJECT_CONVERSION = YES_AGGRESSIVE;
				CLANG_CXX_LANGUAGE_STANDARD = "gnu++0x";
				CLANG_CXX_LIBRARY = "libc++";
				CLANG_ENABLE_MODULES = YES;
				CLANG_ENABLE_OBJC_ARC = YES;
				CLANG_WARN_BOOL_CONVERSION = YES;
				CLANG_WARN_CONSTANT_CONVERSION = YES;
				CLANG_WARN_DIRECT_OBJC_ISA_USAGE = YES_ERROR;
				CLANG_WARN_DOCUMENTATION_COMMENTS = YES;
				CLANG_WARN_EMPTY_BODY = YES;
				CLANG_WARN_ENUM_CONVERSION = YES;
				CLANG_WARN_INFINITE_RECURSION = YES;
				CLANG_WARN_INT_CONVERSION = YES;
				CLANG_WARN_OBJC_ROOT_CLASS = YES_ERROR;
				CLANG_WARN_SUSPICIOUS_MOVE = YES;
				CLANG_WARN_UNREACHABLE_CODE = YES;
				CLANG_WARN__DUPLICATE_METHOD_MATCH = YES;
				"CODE_SIGN_IDENTITY[sdk=iphoneos*]" = "iPhone Developer";
				COPY_PHASE_STRIP = NO;
				DEBUG_INFORMATION_FORMAT = "dwarf-with-dsym";
				ENABLE_NS_ASSERTIONS = NO;
				ENABLE_STRICT_OBJC_MSGSEND = YES;
				GCC_C_LANGUAGE_STANDARD = gnu99;
				GCC_NO_COMMON_BLOCKS = YES;
				GCC_WARN_64_TO_32_BIT_CONVERSION = YES;
				GCC_WARN_ABOUT_RETURN_TYPE = YES_ERROR;
				GCC_WARN_UNDECLARED_SELECTOR = YES;
				GCC_WARN_UNINITIALIZED_AUTOS = YES_AGGRESSIVE;
				GCC_WARN_UNUSED_FUNCTION = YES;
				GCC_WARN_UNUSED_VARIABLE = YES;
				IPHONEOS_DEPLOYMENT_TARGET = 10.3;
				MTL_ENABLE_DEBUG_INFO = NO;
				SDKROOT = iphoneos;
				SWIFT_OPTIMIZATION_LEVEL = "-Owholemodule";
				TARGETED_DEVICE_FAMILY = "1,2";
				VALIDATE_PRODUCT = YES;
			};
			name = Release;
		};
		920682461F03907E004E453D /* Debug */ = {
			isa = XCBuildConfiguration;
			buildSettings = {
				ASSETCATALOG_COMPILER_APPICON_NAME = AppIcon;
				INFOPLIST_FILE = BeyHive/Info.plist;
				LD_RUNPATH_SEARCH_PATHS = "$(inherited) @executable_path/Frameworks";
				PRODUCT_BUNDLE_IDENTIFIER = UWBlueprint.BeyHive;
				PRODUCT_NAME = "$(TARGET_NAME)";
				SWIFT_VERSION = 3.0;
			};
			name = Debug;
		};
		920682471F03907E004E453D /* Release */ = {
			isa = XCBuildConfiguration;
			buildSettings = {
				ASSETCATALOG_COMPILER_APPICON_NAME = AppIcon;
				INFOPLIST_FILE = BeyHive/Info.plist;
				LD_RUNPATH_SEARCH_PATHS = "$(inherited) @executable_path/Frameworks";
				PRODUCT_BUNDLE_IDENTIFIER = UWBlueprint.BeyHive;
				PRODUCT_NAME = "$(TARGET_NAME)";
				SWIFT_VERSION = 3.0;
			};
			name = Release;
		};
		920682491F03907E004E453D /* Debug */ = {
			isa = XCBuildConfiguration;
			buildSettings = {
				ALWAYS_EMBED_SWIFT_STANDARD_LIBRARIES = YES;
				BUNDLE_LOADER = "$(TEST_HOST)";
				INFOPLIST_FILE = BeyHiveTests/Info.plist;
				LD_RUNPATH_SEARCH_PATHS = "$(inherited) @executable_path/Frameworks @loader_path/Frameworks";
				PRODUCT_BUNDLE_IDENTIFIER = UWBlueprint.BeyHiveTests;
				PRODUCT_NAME = "$(TARGET_NAME)";
				SWIFT_VERSION = 3.0;
				TEST_HOST = "$(BUILT_PRODUCTS_DIR)/BeyHive.app/BeyHive";
			};
			name = Debug;
		};
		9206824A1F03907E004E453D /* Release */ = {
			isa = XCBuildConfiguration;
			buildSettings = {
				ALWAYS_EMBED_SWIFT_STANDARD_LIBRARIES = YES;
				BUNDLE_LOADER = "$(TEST_HOST)";
				INFOPLIST_FILE = BeyHiveTests/Info.plist;
				LD_RUNPATH_SEARCH_PATHS = "$(inherited) @executable_path/Frameworks @loader_path/Frameworks";
				PRODUCT_BUNDLE_IDENTIFIER = UWBlueprint.BeyHiveTests;
				PRODUCT_NAME = "$(TARGET_NAME)";
				SWIFT_VERSION = 3.0;
				TEST_HOST = "$(BUILT_PRODUCTS_DIR)/BeyHive.app/BeyHive";
			};
			name = Release;
		};
		9206824C1F03907E004E453D /* Debug */ = {
			isa = XCBuildConfiguration;
			buildSettings = {
				ALWAYS_EMBED_SWIFT_STANDARD_LIBRARIES = YES;
				INFOPLIST_FILE = BeyHiveUITests/Info.plist;
				LD_RUNPATH_SEARCH_PATHS = "$(inherited) @executable_path/Frameworks @loader_path/Frameworks";
				PRODUCT_BUNDLE_IDENTIFIER = UWBlueprint.BeyHiveUITests;
				PRODUCT_NAME = "$(TARGET_NAME)";
				SWIFT_VERSION = 3.0;
				TEST_TARGET_NAME = BeyHive;
			};
			name = Debug;
		};
		9206824D1F03907E004E453D /* Release */ = {
			isa = XCBuildConfiguration;
			buildSettings = {
				ALWAYS_EMBED_SWIFT_STANDARD_LIBRARIES = YES;
				INFOPLIST_FILE = BeyHiveUITests/Info.plist;
				LD_RUNPATH_SEARCH_PATHS = "$(inherited) @executable_path/Frameworks @loader_path/Frameworks";
				PRODUCT_BUNDLE_IDENTIFIER = UWBlueprint.BeyHiveUITests;
				PRODUCT_NAME = "$(TARGET_NAME)";
				SWIFT_VERSION = 3.0;
				TEST_TARGET_NAME = BeyHive;
			};
			name = Release;
		};
/* End XCBuildConfiguration section */

/* Begin XCConfigurationList section */
		920682141F03907E004E453D /* Build configuration list for PBXProject "BeyHive" */ = {
			isa = XCConfigurationList;
			buildConfigurations = (
				920682431F03907E004E453D /* Debug */,
				920682441F03907E004E453D /* Release */,
			);
			defaultConfigurationIsVisible = 0;
			defaultConfigurationName = Release;
		};
		920682451F03907E004E453D /* Build configuration list for PBXNativeTarget "BeyHive" */ = {
			isa = XCConfigurationList;
			buildConfigurations = (
				920682461F03907E004E453D /* Debug */,
				920682471F03907E004E453D /* Release */,
			);
			defaultConfigurationIsVisible = 0;
		};
		920682481F03907E004E453D /* Build configuration list for PBXNativeTarget "BeyHiveTests" */ = {
			isa = XCConfigurationList;
			buildConfigurations = (
				920682491F03907E004E453D /* Debug */,
				9206824A1F03907E004E453D /* Release */,
			);
			defaultConfigurationIsVisible = 0;
		};
		9206824B1F03907E004E453D /* Build configuration list for PBXNativeTarget "BeyHiveUITests" */ = {
			isa = XCConfigurationList;
			buildConfigurations = (
				9206824C1F03907E004E453D /* Debug */,
				9206824D1F03907E004E453D /* Release */,
			);
			defaultConfigurationIsVisible = 0;
		};
/* End XCConfigurationList section */
	};
	rootObject = 920682111F03907E004E453D /* Project object */;
}
